
Microsoft Visual Studio Solution File, Format Version 12.00
# Visual Studio Version 17
VisualStudioVersion = 17.0.32112.339
MinimumVisualStudioVersion = 10.0.40219.1
Project("{2150E333-8FDC-42A3-9474-1A3956D46DE8}") = "Domain", "Domain", "{8E325BC5-F6BB-46CD-A597-6B18E0277644}"
EndProject
Project("{FAE04EC0-301F-11D3-BF4B-00C04F79EFBC}") = "Domain.MSSpeciality", "Domain.MSSpeciality\Domain.MSSpeciality.csproj", "{555E0DC4-A245-43EA-90B8-61EACE0D691E}"
EndProject
Project("{2150E333-8FDC-42A3-9474-1A3956D46DE8}") = "Application", "Application", "{FD82B243-7664-42E5-B6ED-B1D7333333DC}"
EndProject
Project("{2150E333-8FDC-42A3-9474-1A3956D46DE8}") = "Infra", "Infra", "{62E167BE-3B58-4563-9803-113B4CAF4A9F}"
EndProject
Project("{2150E333-8FDC-42A3-9474-1A3956D46DE8}") = "Service", "Service", "{A759D396-331F-4AF8-882E-1CBB56583E15}"
EndProject
Project("{FAE04EC0-301F-11D3-BF4B-00C04F79EFBC}") = "Api.MSSpeciality", "Api.MSSpeciality\Api.MSSpeciality.csproj", "{2B0C8E85-1D35-4CD5-88F9-C061BF1DACF6}"
EndProject
Project("{FAE04EC0-301F-11D3-BF4B-00C04F79EFBC}") = "Service.MSSpeciality", "Service.MSSpeciality\Service.MSSpeciality.csproj", "{24A8C834-4DF9-45EE-943F-C9E5178F8E25}"
EndProject
Project("{2150E333-8FDC-42A3-9474-1A3956D46DE8}") = "Data", "Data", "{843F020D-1E9D-4769-8221-9CCF70D1C00F}"
EndProject
Project("{2150E333-8FDC-42A3-9474-1A3956D46DE8}") = "CrossCutting", "CrossCutting", "{EBC40B67-89EF-45FA-8455-BD2C5586581D}"
EndProject
Project("{FAE04EC0-301F-11D3-BF4B-00C04F79EFBC}") = "Infra.Data.MSSpeciality", "Infra.Data.MSSpeciality\Infra.Data.MSSpeciality.csproj", "{8EFC26DD-5EB8-4057-AFAF-0EDB5FC57C82}"
EndProject
Project("{FAE04EC0-301F-11D3-BF4B-00C04F79EFBC}") = "Infra.CrossCutting.MSSpeciality", "Infra.CrossCutting.MSSpeciality\Infra.CrossCutting.MSSpeciality.csproj", "{5B173426-B742-4629-B4C6-C8580176E246}"
EndProject
Global
	GlobalSection(SolutionConfigurationPlatforms) = preSolution
		Debug|Any CPU = Debug|Any CPU
		Release|Any CPU = Release|Any CPU
	EndGlobalSection
	GlobalSection(ProjectConfigurationPlatforms) = postSolution
		{555E0DC4-A245-43EA-90B8-61EACE0D691E}.Debug|Any CPU.ActiveCfg = Debug|Any CPU
		{555E0DC4-A245-43EA-90B8-61EACE0D691E}.Debug|Any CPU.Build.0 = Debug|Any CPU
		{555E0DC4-A245-43EA-90B8-61EACE0D691E}.Release|Any CPU.ActiveCfg = Release|Any CPU
		{555E0DC4-A245-43EA-90B8-61EACE0D691E}.Release|Any CPU.Build.0 = Release|Any CPU
		{2B0C8E85-1D35-4CD5-88F9-C061BF1DACF6}.Debug|Any CPU.ActiveCfg = Debug|Any CPU
		{2B0C8E85-1D35-4CD5-88F9-C061BF1DACF6}.Debug|Any CPU.Build.0 = Debug|Any CPU
		{2B0C8E85-1D35-4CD5-88F9-C061BF1DACF6}.Release|Any CPU.ActiveCfg = Release|Any CPU
		{2B0C8E85-1D35-4CD5-88F9-C061BF1DACF6}.Release|Any CPU.Build.0 = Release|Any CPU
		{24A8C834-4DF9-45EE-943F-C9E5178F8E25}.Debug|Any CPU.ActiveCfg = Debug|Any CPU
		{24A8C834-4DF9-45EE-943F-C9E5178F8E25}.Debug|Any CPU.Build.0 = Debug|Any CPU
		{24A8C834-4DF9-45EE-943F-C9E5178F8E25}.Release|Any CPU.ActiveCfg = Release|Any CPU
		{24A8C834-4DF9-45EE-943F-C9E5178F8E25}.Release|Any CPU.Build.0 = Release|Any CPU
		{8EFC26DD-5EB8-4057-AFAF-0EDB5FC57C82}.Debug|Any CPU.ActiveCfg = Debug|Any CPU
		{8EFC26DD-5EB8-4057-AFAF-0EDB5FC57C82}.Debug|Any CPU.Build.0 = Debug|Any CPU
		{8EFC26DD-5EB8-4057-AFAF-0EDB5FC57C82}.Release|Any CPU.ActiveCfg = Release|Any CPU
		{8EFC26DD-5EB8-4057-AFAF-0EDB5FC57C82}.Release|Any CPU.Build.0 = Release|Any CPU
		{5B173426-B742-4629-B4C6-C8580176E246}.Debug|Any CPU.ActiveCfg = Debug|Any CPU
		{5B173426-B742-4629-B4C6-C8580176E246}.Debug|Any CPU.Build.0 = Debug|Any CPU
		{5B173426-B742-4629-B4C6-C8580176E246}.Release|Any CPU.ActiveCfg = Release|Any CPU
		{5B173426-B742-4629-B4C6-C8580176E246}.Release|Any CPU.Build.0 = Release|Any CPU
	EndGlobalSection
	GlobalSection(SolutionProperties) = preSolution
		HideSolutionNode = FALSE
	EndGlobalSection
	GlobalSection(NestedProjects) = preSolution
		{555E0DC4-A245-43EA-90B8-61EACE0D691E} = {8E325BC5-F6BB-46CD-A597-6B18E0277644}
		{2B0C8E85-1D35-4CD5-88F9-C061BF1DACF6} = {FD82B243-7664-42E5-B6ED-B1D7333333DC}
		{24A8C834-4DF9-45EE-943F-C9E5178F8E25} = {A759D396-331F-4AF8-882E-1CBB56583E15}
		{843F020D-1E9D-4769-8221-9CCF70D1C00F} = {62E167BE-3B58-4563-9803-113B4CAF4A9F}
		{EBC40B67-89EF-45FA-8455-BD2C5586581D} = {62E167BE-3B58-4563-9803-113B4CAF4A9F}
		{8EFC26DD-5EB8-4057-AFAF-0EDB5FC57C82} = {843F020D-1E9D-4769-8221-9CCF70D1C00F}
		{5B173426-B742-4629-B4C6-C8580176E246} = {EBC40B67-89EF-45FA-8455-BD2C5586581D}
	EndGlobalSection
	GlobalSection(ExtensibilityGlobals) = postSolution
		SolutionGuid = {AAC8673C-B6E6-45DF-962F-B3B397B5428B}
	EndGlobalSection
EndGlobal
