
Microsoft Visual Studio Solution File, Format Version 12.00
# Visual Studio Version 17
VisualStudioVersion = 17.0.32112.339
MinimumVisualStudioVersion = 10.0.40219.1
Project("{FAE04EC0-301F-11D3-BF4B-00C04F79EFBC}") = "MSSpeciality", "MSSpeciality\MSSpeciality.csproj", "{BB2EB14E-E0F1-454E-AE37-01B840E2DBCC}"
EndProject
Global
	GlobalSection(SolutionConfigurationPlatforms) = preSolution
		Debug|Any CPU = Debug|Any CPU
		Release|Any CPU = Release|Any CPU
	EndGlobalSection
	GlobalSection(ProjectConfigurationPlatforms) = postSolution
		{BB2EB14E-E0F1-454E-AE37-01B840E2DBCC}.Debug|Any CPU.ActiveCfg = Debug|Any CPU
		{BB2EB14E-E0F1-454E-AE37-01B840E2DBCC}.Debug|Any CPU.Build.0 = Debug|Any CPU
		{BB2EB14E-E0F1-454E-AE37-01B840E2DBCC}.Release|Any CPU.ActiveCfg = Release|Any CPU
		{BB2EB14E-E0F1-454E-AE37-01B840E2DBCC}.Release|Any CPU.Build.0 = Release|Any CPU
	EndGlobalSection
	GlobalSection(SolutionProperties) = preSolution
		HideSolutionNode = FALSE
	EndGlobalSection
	GlobalSection(ExtensibilityGlobals) = postSolution
		SolutionGuid = {AAC8673C-B6E6-45DF-962F-B3B397B5428B}
	EndGlobalSection
EndGlobal
